// !$*UTF8*$!
{
	archiveVersion = 1;
	classes = {
	};
	objectVersion = 56;
	objects = {

/* Begin PBXBuildFile section */
		041EDC022C004F5200E26B2E /* DataParser.swift in Sources */ = {isa = PBXBuildFile; fileRef = 041EDC012C004F5200E26B2E /* DataParser.swift */; };
		041EDC052C00546B00E26B2E /* LandmarksTableViewCell.swift in Sources */ = {isa = PBXBuildFile; fileRef = 041EDC032C00546B00E26B2E /* LandmarksTableViewCell.swift */; };
		041EDC062C00546B00E26B2E /* LandmarksTableViewCell.xib in Resources */ = {isa = PBXBuildFile; fileRef = 041EDC042C00546B00E26B2E /* LandmarksTableViewCell.xib */; };
		041EDC082C00575600E26B2E /* Landmarks.swift in Sources */ = {isa = PBXBuildFile; fileRef = 041EDC072C00575600E26B2E /* Landmarks.swift */; };
		04EBB6D12C00491B005D3DA9 /* AppDelegate.swift in Sources */ = {isa = PBXBuildFile; fileRef = 04EBB6D02C00491B005D3DA9 /* AppDelegate.swift */; };
		04EBB6D52C00491B005D3DA9 /* ViewController.swift in Sources */ = {isa = PBXBuildFile; fileRef = 04EBB6D42C00491B005D3DA9 /* ViewController.swift */; };
		04EBB6D82C00491B005D3DA9 /* Main.storyboard in Resources */ = {isa = PBXBuildFile; fileRef = 04EBB6D62C00491B005D3DA9 /* Main.storyboard */; };
		04EBB6DA2C00491C005D3DA9 /* Assets.xcassets in Resources */ = {isa = PBXBuildFile; fileRef = 04EBB6D92C00491C005D3DA9 /* Assets.xcassets */; };
		04EBB6DD2C00491C005D3DA9 /* LaunchScreen.storyboard in Resources */ = {isa = PBXBuildFile; fileRef = 04EBB6DB2C00491C005D3DA9 /* LaunchScreen.storyboard */; };
		04EBB6E52C004AEB005D3DA9 /* landmarkData.json in Resources */ = {isa = PBXBuildFile; fileRef = 04EBB6E42C004AEB005D3DA9 /* landmarkData.json */; };
/* End PBXBuildFile section */

/* Begin PBXFileReference section */
		041EDC012C004F5200E26B2E /* DataParser.swift */ = {isa = PBXFileReference; lastKnownFileType = sourcecode.swift; path = DataParser.swift; sourceTree = "<group>"; };
		041EDC032C00546B00E26B2E /* LandmarksTableViewCell.swift */ = {isa = PBXFileReference; lastKnownFileType = sourcecode.swift; path = LandmarksTableViewCell.swift; sourceTree = "<group>"; };
		041EDC042C00546B00E26B2E /* LandmarksTableViewCell.xib */ = {isa = PBXFileReference; lastKnownFileType = file.xib; path = LandmarksTableViewCell.xib; sourceTree = "<group>"; };
		041EDC072C00575600E26B2E /* Landmarks.swift */ = {isa = PBXFileReference; lastKnownFileType = sourcecode.swift; path = Landmarks.swift; sourceTree = "<group>"; };
		04EBB6CD2C00491B005D3DA9 /* Landmarks.app */ = {isa = PBXFileReference; explicitFileType = wrapper.application; includeInIndex = 0; path = Landmarks.app; sourceTree = BUILT_PRODUCTS_DIR; };
		04EBB6D02C00491B005D3DA9 /* AppDelegate.swift */ = {isa = PBXFileReference; lastKnownFileType = sourcecode.swift; path = AppDelegate.swift; sourceTree = "<group>"; };
		04EBB6D42C00491B005D3DA9 /* ViewController.swift */ = {isa = PBXFileReference; lastKnownFileType = sourcecode.swift; path = ViewController.swift; sourceTree = "<group>"; };
		04EBB6D72C00491B005D3DA9 /* Base */ = {isa = PBXFileReference; lastKnownFileType = file.storyboard; name = Base; path = Base.lproj/Main.storyboard; sourceTree = "<group>"; };
		04EBB6D92C00491C005D3DA9 /* Assets.xcassets */ = {isa = PBXFileReference; lastKnownFileType = folder.assetcatalog; path = Assets.xcassets; sourceTree = "<group>"; };
		04EBB6DC2C00491C005D3DA9 /* Base */ = {isa = PBXFileReference; lastKnownFileType = file.storyboard; name = Base; path = Base.lproj/LaunchScreen.storyboard; sourceTree = "<group>"; };
		04EBB6DE2C00491C005D3DA9 /* Info.plist */ = {isa = PBXFileReference; lastKnownFileType = text.plist.xml; path = Info.plist; sourceTree = "<group>"; };
		04EBB6E42C004AEB005D3DA9 /* landmarkData.json */ = {isa = PBXFileReference; fileEncoding = 4; lastKnownFileType = text.json; path = landmarkData.json; sourceTree = "<group>"; };
/* End PBXFileReference section */

/* Begin PBXFrameworksBuildPhase section */
		04EBB6CA2C00491B005D3DA9 /* Frameworks */ = {
			isa = PBXFrameworksBuildPhase;
			buildActionMask = 2147483647;
			files = (
			);
			runOnlyForDeploymentPostprocessing = 0;
		};
/* End PBXFrameworksBuildPhase section */

/* Begin PBXGroup section */
		041EDC092C00577500E26B2E /* Model */ = {
			isa = PBXGroup;
			children = (
				041EDC072C00575600E26B2E /* Landmarks.swift */,
			);
			path = Model;
			sourceTree = "<group>";
		};
		041EDC0A2C00578800E26B2E /* View */ = {
			isa = PBXGroup;
			children = (
				04EBB6D62C00491B005D3DA9 /* Main.storyboard */,
				04EBB6DB2C00491C005D3DA9 /* LaunchScreen.storyboard */,
				04EBB6D42C00491B005D3DA9 /* ViewController.swift */,
				041EDC032C00546B00E26B2E /* LandmarksTableViewCell.swift */,
				041EDC042C00546B00E26B2E /* LandmarksTableViewCell.xib */,
			);
			path = View;
			sourceTree = "<group>";
		};
		041EDC0B2C00579A00E26B2E /* Resources */ = {
			isa = PBXGroup;
			children = (
				04EBB6D92C00491C005D3DA9 /* Assets.xcassets */,
				04EBB6E42C004AEB005D3DA9 /* landmarkData.json */,
			);
			path = Resources;
			sourceTree = "<group>";
		};
		041EDC0C2C0057AA00E26B2E /* Helper */ = {
			isa = PBXGroup;
			children = (
				041EDC012C004F5200E26B2E /* DataParser.swift */,
			);
			path = Helper;
			sourceTree = "<group>";
		};
		04EBB6C42C00491B005D3DA9 = {
			isa = PBXGroup;
			children = (
				04EBB6CF2C00491B005D3DA9 /* Landmarks */,
				04EBB6CE2C00491B005D3DA9 /* Products */,
			);
			sourceTree = "<group>";
		};
		04EBB6CE2C00491B005D3DA9 /* Products */ = {
			isa = PBXGroup;
			children = (
				04EBB6CD2C00491B005D3DA9 /* Landmarks.app */,
			);
			name = Products;
			sourceTree = "<group>";
		};
		04EBB6CF2C00491B005D3DA9 /* Landmarks */ = {
			isa = PBXGroup;
			children = (
				04EBB6D02C00491B005D3DA9 /* AppDelegate.swift */,
				04EBB6DE2C00491C005D3DA9 /* Info.plist */,
				041EDC0C2C0057AA00E26B2E /* Helper */,
				041EDC0B2C00579A00E26B2E /* Resources */,
				041EDC0A2C00578800E26B2E /* View */,
				041EDC092C00577500E26B2E /* Model */,
			);
			path = Landmarks;
			sourceTree = "<group>";
		};
/* End PBXGroup section */

/* Begin PBXNativeTarget section */
		04EBB6CC2C00491B005D3DA9 /* Landmarks */ = {
			isa = PBXNativeTarget;
			buildConfigurationList = 04EBB6E12C00491C005D3DA9 /* Build configuration list for PBXNativeTarget "Landmarks" */;
			buildPhases = (
				04EBB6C92C00491B005D3DA9 /* Sources */,
				04EBB6CA2C00491B005D3DA9 /* Frameworks */,
				04EBB6CB2C00491B005D3DA9 /* Resources */,
			);
			buildRules = (
			);
			dependencies = (
			);
			name = Landmarks;
			productName = Landmarks;
			productReference = 04EBB6CD2C00491B005D3DA9 /* Landmarks.app */;
			productType = "com.apple.product-type.application";
		};
/* End PBXNativeTarget section */

/* Begin PBXProject section */
		04EBB6C52C00491B005D3DA9 /* Project object */ = {
			isa = PBXProject;
			attributes = {
				BuildIndependentTargetsInParallel = 1;
				LastSwiftUpdateCheck = 1500;
				LastUpgradeCheck = 1500;
				TargetAttributes = {
					04EBB6CC2C00491B005D3DA9 = {
						CreatedOnToolsVersion = 15.0;
					};
				};
			};
			buildConfigurationList = 04EBB6C82C00491B005D3DA9 /* Build configuration list for PBXProject "Landmarks" */;
			compatibilityVersion = "Xcode 14.0";
			developmentRegion = en;
			hasScannedForEncodings = 0;
			knownRegions = (
				en,
				Base,
			);
			mainGroup = 04EBB6C42C00491B005D3DA9;
			productRefGroup = 04EBB6CE2C00491B005D3DA9 /* Products */;
			projectDirPath = "";
			projectRoot = "";
			targets = (
				04EBB6CC2C00491B005D3DA9 /* Landmarks */,
			);
		};
/* End PBXProject section */

/* Begin PBXResourcesBuildPhase section */
		04EBB6CB2C00491B005D3DA9 /* Resources */ = {
			isa = PBXResourcesBuildPhase;
			buildActionMask = 2147483647;
			files = (
				041EDC062C00546B00E26B2E /* LandmarksTableViewCell.xib in Resources */,
				04EBB6DD2C00491C005D3DA9 /* LaunchScreen.storyboard in Resources */,
				04EBB6E52C004AEB005D3DA9 /* landmarkData.json in Resources */,
				04EBB6DA2C00491C005D3DA9 /* Assets.xcassets in Resources */,
				04EBB6D82C00491B005D3DA9 /* Main.storyboard in Resources */,
			);
			runOnlyForDeploymentPostprocessing = 0;
		};
/* End PBXResourcesBuildPhase section */

/* Begin PBXSourcesBuildPhase section */
		04EBB6C92C00491B005D3DA9 /* Sources */ = {
			isa = PBXSourcesBuildPhase;
			buildActionMask = 2147483647;
			files = (
				041EDC052C00546B00E26B2E /* LandmarksTableViewCell.swift in Sources */,
				04EBB6D52C00491B005D3DA9 /* ViewController.swift in Sources */,
				041EDC022C004F5200E26B2E /* DataParser.swift in Sources */,
				041EDC082C00575600E26B2E /* Landmarks.swift in Sources */,
				04EBB6D12C00491B005D3DA9 /* AppDelegate.swift in Sources */,
			);
			runOnlyForDeploymentPostprocessing = 0;
		};
/* End PBXSourcesBuildPhase section */

/* Begin PBXVariantGroup section */
		04EBB6D62C00491B005D3DA9 /* Main.storyboard */ = {
			isa = PBXVariantGroup;
			children = (
				04EBB6D72C00491B005D3DA9 /* Base */,
			);
			name = Main.storyboard;
			sourceTree = "<group>";
		};
		04EBB6DB2C00491C005D3DA9 /* LaunchScreen.storyboard */ = {
			isa = PBXVariantGroup;
			children = (
				04EBB6DC2C00491C005D3DA9 /* Base */,
			);
			name = LaunchScreen.storyboard;
			sourceTree = "<group>";
		};
/* End PBXVariantGroup section */

/* Begin XCBuildConfiguration section */
		04EBB6DF2C00491C005D3DA9 /* Debug */ = {
			isa = XCBuildConfiguration;
			buildSettings = {
				ALWAYS_SEARCH_USER_PATHS = NO;
				ASSETCATALOG_COMPILER_GENERATE_SWIFT_ASSET_SYMBOL_EXTENSIONS = YES;
				CLANG_ANALYZER_NONNULL = YES;
				CLANG_ANALYZER_NUMBER_OBJECT_CONVERSION = YES_AGGRESSIVE;
				CLANG_CXX_LANGUAGE_STANDARD = "gnu++20";
				CLANG_ENABLE_MODULES = YES;
				CLANG_ENABLE_OBJC_ARC = YES;
				CLANG_ENABLE_OBJC_WEAK = YES;
				CLANG_WARN_BLOCK_CAPTURE_AUTORELEASING = YES;
				CLANG_WARN_BOOL_CONVERSION = YES;
				CLANG_WARN_COMMA = YES;
				CLANG_WARN_CONSTANT_CONVERSION = YES;
				CLANG_WARN_DEPRECATED_OBJC_IMPLEMENTATIONS = YES;
				CLANG_WARN_DIRECT_OBJC_ISA_USAGE = YES_ERROR;
				CLANG_WARN_DOCUMENTATION_COMMENTS = YES;
				CLANG_WARN_EMPTY_BODY = YES;
				CLANG_WARN_ENUM_CONVERSION = YES;
				CLANG_WARN_INFINITE_RECURSION = YES;
				CLANG_WARN_INT_CONVERSION = YES;
				CLANG_WARN_NON_LITERAL_NULL_CONVERSION = YES;
				CLANG_WARN_OBJC_IMPLICIT_RETAIN_SELF = YES;
				CLANG_WARN_OBJC_LITERAL_CONVERSION = YES;
				CLANG_WARN_OBJC_ROOT_CLASS = YES_ERROR;
				CLANG_WARN_QUOTED_INCLUDE_IN_FRAMEWORK_HEADER = YES;
				CLANG_WARN_RANGE_LOOP_ANALYSIS = YES;
				CLANG_WARN_STRICT_PROTOTYPES = YES;
				CLANG_WARN_SUSPICIOUS_MOVE = YES;
				CLANG_WARN_UNGUARDED_AVAILABILITY = YES_AGGRESSIVE;
				CLANG_WARN_UNREACHABLE_CODE = YES;
				CLANG_WARN__DUPLICATE_METHOD_MATCH = YES;
				COPY_PHASE_STRIP = NO;
				DEBUG_INFORMATION_FORMAT = dwarf;
				ENABLE_STRICT_OBJC_MSGSEND = YES;
				ENABLE_TESTABILITY = YES;
				ENABLE_USER_SCRIPT_SANDBOXING = YES;
				GCC_C_LANGUAGE_STANDARD = gnu17;
				GCC_DYNAMIC_NO_PIC = NO;
				GCC_NO_COMMON_BLOCKS = YES;
				GCC_OPTIMIZATION_LEVEL = 0;
				GCC_PREPROCESSOR_DEFINITIONS = (
					"DEBUG=1",
					"$(inherited)",
				);
				GCC_WARN_64_TO_32_BIT_CONVERSION = YES;
				GCC_WARN_ABOUT_RETURN_TYPE = YES_ERROR;
				GCC_WARN_UNDECLARED_SELECTOR = YES;
				GCC_WARN_UNINITIALIZED_AUTOS = YES_AGGRESSIVE;
				GCC_WARN_UNUSED_FUNCTION = YES;
				GCC_WARN_UNUSED_VARIABLE = YES;
				IPHONEOS_DEPLOYMENT_TARGET = 17.0;
				LOCALIZATION_PREFERS_STRING_CATALOGS = YES;
				MTL_ENABLE_DEBUG_INFO = INCLUDE_SOURCE;
				MTL_FAST_MATH = YES;
				ONLY_ACTIVE_ARCH = YES;
				SDKROOT = iphoneos;
				SWIFT_ACTIVE_COMPILATION_CONDITIONS = "DEBUG $(inherited)";
				SWIFT_OPTIMIZATION_LEVEL = "-Onone";
			};
			name = Debug;
		};
		04EBB6E02C00491C005D3DA9 /* Release */ = {
			isa = XCBuildConfiguration;
			buildSettings = {
				ALWAYS_SEARCH_USER_PATHS = NO;
				ASSETCATALOG_COMPILER_GENERATE_SWIFT_ASSET_SYMBOL_EXTENSIONS = YES;
				CLANG_ANALYZER_NONNULL = YES;
				CLANG_ANALYZER_NUMBER_OBJECT_CONVERSION = YES_AGGRESSIVE;
				CLANG_CXX_LANGUAGE_STANDARD = "gnu++20";
				CLANG_ENABLE_MODULES = YES;
				CLANG_ENABLE_OBJC_ARC = YES;
				CLANG_ENABLE_OBJC_WEAK = YES;
				CLANG_WARN_BLOCK_CAPTURE_AUTORELEASING = YES;
				CLANG_WARN_BOOL_CONVERSION = YES;
				CLANG_WARN_COMMA = YES;
				CLANG_WARN_CONSTANT_CONVERSION = YES;
				CLANG_WARN_DEPRECATED_OBJC_IMPLEMENTATIONS = YES;
				CLANG_WARN_DIRECT_OBJC_ISA_USAGE = YES_ERROR;
				CLANG_WARN_DOCUMENTATION_COMMENTS = YES;
				CLANG_WARN_EMPTY_BODY = YES;
				CLANG_WARN_ENUM_CONVERSION = YES;
				CLANG_WARN_INFINITE_RECURSION = YES;
				CLANG_WARN_INT_CONVERSION = YES;
				CLANG_WARN_NON_LITERAL_NULL_CONVERSION = YES;
				CLANG_WARN_OBJC_IMPLICIT_RETAIN_SELF = YES;
				CLANG_WARN_OBJC_LITERAL_CONVERSION = YES;
				CLANG_WARN_OBJC_ROOT_CLASS = YES_ERROR;
				CLANG_WARN_QUOTED_INCLUDE_IN_FRAMEWORK_HEADER = YES;
				CLANG_WARN_RANGE_LOOP_ANALYSIS = YES;
				CLANG_WARN_STRICT_PROTOTYPES = YES;
				CLANG_WARN_SUSPICIOUS_MOVE = YES;
				CLANG_WARN_UNGUARDED_AVAILABILITY = YES_AGGRESSIVE;
				CLANG_WARN_UNREACHABLE_CODE = YES;
				CLANG_WARN__DUPLICATE_METHOD_MATCH = YES;
				COPY_PHASE_STRIP = NO;
				DEBUG_INFORMATION_FORMAT = "dwarf-with-dsym";
				ENABLE_NS_ASSERTIONS = NO;
				ENABLE_STRICT_OBJC_MSGSEND = YES;
				ENABLE_USER_SCRIPT_SANDBOXING = YES;
				GCC_C_LANGUAGE_STANDARD = gnu17;
				GCC_NO_COMMON_BLOCKS = YES;
				GCC_WARN_64_TO_32_BIT_CONVERSION = YES;
				GCC_WARN_ABOUT_RETURN_TYPE = YES_ERROR;
				GCC_WARN_UNDECLARED_SELECTOR = YES;
				GCC_WARN_UNINITIALIZED_AUTOS = YES_AGGRESSIVE;
				GCC_WARN_UNUSED_FUNCTION = YES;
				GCC_WARN_UNUSED_VARIABLE = YES;
				IPHONEOS_DEPLOYMENT_TARGET = 17.0;
				LOCALIZATION_PREFERS_STRING_CATALOGS = YES;
				MTL_ENABLE_DEBUG_INFO = NO;
				MTL_FAST_MATH = YES;
				SDKROOT = iphoneos;
				SWIFT_COMPILATION_MODE = wholemodule;
				VALIDATE_PRODUCT = YES;
			};
			name = Release;
		};
		04EBB6E22C00491C005D3DA9 /* Debug */ = {
			isa = XCBuildConfiguration;
			buildSettings = {
				ASSETCATALOG_COMPILER_APPICON_NAME = AppIcon;
				ASSETCATALOG_COMPILER_GLOBAL_ACCENT_COLOR_NAME = AccentColor;
				CODE_SIGN_STYLE = Automatic;
				CURRENT_PROJECT_VERSION = 1;
				DEVELOPMENT_TEAM = D2V899229R;
				GENERATE_INFOPLIST_FILE = YES;
				INFOPLIST_FILE = Landmarks/Info.plist;
				INFOPLIST_KEY_UIApplicationSupportsIndirectInputEvents = YES;
				INFOPLIST_KEY_UILaunchStoryboardName = LaunchScreen;
				INFOPLIST_KEY_UIMainStoryboardFile = Main;
				INFOPLIST_KEY_UISupportedInterfaceOrientations_iPad = "UIInterfaceOrientationPortrait UIInterfaceOrientationPortraitUpsideDown UIInterfaceOrientationLandscapeLeft UIInterfaceOrientationLandscapeRight";
				INFOPLIST_KEY_UISupportedInterfaceOrientations_iPhone = "UIInterfaceOrientationPortrait UIInterfaceOrientationLandscapeLeft UIInterfaceOrientationLandscapeRight";
				INFOPLIST_KEY_UIUserInterfaceStyle = Light;
				LD_RUNPATH_SEARCH_PATHS = (
					"$(inherited)",
					"@executable_path/Frameworks",
				);
				MARKETING_VERSION = 1.0;
				PRODUCT_BUNDLE_IDENTIFIER = com.serajeapp.test4;
				PRODUCT_NAME = "$(TARGET_NAME)";
				SWIFT_EMIT_LOC_STRINGS = YES;
				SWIFT_VERSION = 5.0;
				TARGETED_DEVICE_FAMILY = "1,2";
			};
			name = Debug;
		};
		04EBB6E32C00491C005D3DA9 /* Release */ = {
			isa = XCBuildConfiguration;
			buildSettings = {
				ASSETCATALOG_COMPILER_APPICON_NAME = AppIcon;
				ASSETCATALOG_COMPILER_GLOBAL_ACCENT_COLOR_NAME = AccentColor;
				CODE_SIGN_STYLE = Automatic;
				CURRENT_PROJECT_VERSION = 1;
				DEVELOPMENT_TEAM = D2V899229R;
				GENERATE_INFOPLIST_FILE = YES;
				INFOPLIST_FILE = Landmarks/Info.plist;
				INFOPLIST_KEY_UIApplicationSupportsIndirectInputEvents = YES;
				INFOPLIST_KEY_UILaunchStoryboardName = LaunchScreen;
				INFOPLIST_KEY_UIMainStoryboardFile = Main;
				INFOPLIST_KEY_UISupportedInterfaceOrientations_iPad = "UIInterfaceOrientationPortrait UIInterfaceOrientationPortraitUpsideDown UIInterfaceOrientationLandscapeLeft UIInterfaceOrientationLandscapeRight";
				INFOPLIST_KEY_UISupportedInterfaceOrientations_iPhone = "UIInterfaceOrientationPortrait UIInterfaceOrientationLandscapeLeft UIInterfaceOrientationLandscapeRight";
				INFOPLIST_KEY_UIUserInterfaceStyle = Light;
				LD_RUNPATH_SEARCH_PATHS = (
					"$(inherited)",
					"@executable_path/Frameworks",
				);
				MARKETING_VERSION = 1.0;
				PRODUCT_BUNDLE_IDENTIFIER = com.serajeapp.test4;
				PRODUCT_NAME = "$(TARGET_NAME)";
				SWIFT_EMIT_LOC_STRINGS = YES;
				SWIFT_VERSION = 5.0;
				TARGETED_DEVICE_FAMILY = "1,2";
			};
			name = Release;
		};
/* End XCBuildConfiguration section */

/* Begin XCConfigurationList section */
		04EBB6C82C00491B005D3DA9 /* Build configuration list for PBXProject "Landmarks" */ = {
			isa = XCConfigurationList;
			buildConfigurations = (
				04EBB6DF2C00491C005D3DA9 /* Debug */,
				04EBB6E02C00491C005D3DA9 /* Release */,
			);
			defaultConfigurationIsVisible = 0;
			defaultConfigurationName = Release;
		};
		04EBB6E12C00491C005D3DA9 /* Build configuration list for PBXNativeTarget "Landmarks" */ = {
			isa = XCConfigurationList;
			buildConfigurations = (
				04EBB6E22C00491C005D3DA9 /* Debug */,
				04EBB6E32C00491C005D3DA9 /* Release */,
			);
			defaultConfigurationIsVisible = 0;
			defaultConfigurationName = Release;
		};
/* End XCConfigurationList section */
	};
	rootObject = 04EBB6C52C00491B005D3DA9 /* Project object */;
}
